
Microsoft Visual Studio Solution File, Format Version 12.00
# Visual Studio Version 17
VisualStudioVersion = 17.7.34024.191
MinimumVisualStudioVersion = 10.0.40219.1
Project("{FAE04EC0-301F-11D3-BF4B-00C04F79EFBC}") = "Jesus", "Jesus\Jesus.csproj", "{8878824F-FD1A-4D47-97A1-D56FBD2F3896}"
EndProject
Global
	GlobalSection(SolutionConfigurationPlatforms) = preSolution
		Debug|Any CPU = Debug|Any CPU
		Release|Any CPU = Release|Any CPU
	EndGlobalSection
	GlobalSection(ProjectConfigurationPlatforms) = postSolution
		{8878824F-FD1A-4D47-97A1-D56FBD2F3896}.Debug|Any CPU.ActiveCfg = Debug|Any CPU
		{8878824F-FD1A-4D47-97A1-D56FBD2F3896}.Debug|Any CPU.Build.0 = Debug|Any CPU
		{8878824F-FD1A-4D47-97A1-D56FBD2F3896}.Release|Any CPU.ActiveCfg = Release|Any CPU
		{8878824F-FD1A-4D47-97A1-D56FBD2F3896}.Release|Any CPU.Build.0 = Release|Any CPU
	EndGlobalSection
	GlobalSection(SolutionProperties) = preSolution
		HideSolutionNode = FALSE
	EndGlobalSection
	GlobalSection(ExtensibilityGlobals) = postSolution
		SolutionGuid = {ACE564CD-B2F7-40A5-958D-CDAB149F4EBE}
	EndGlobalSection
EndGlobal
